// !$*UTF8*$!
{
	archiveVersion = 1;
	classes = {
	};
	objectVersion = 77;
	objects = {

/* Begin PBXBuildFile section */
		AA18D7282E0800BE00CD7D92 /* CoreBluetooth.framework in Frameworks */ = {isa = PBXBuildFile; fileRef = AA18D7272E0800BE00CD7D92 /* CoreBluetooth.framework */; };
		AA63F8FA2E791F8600154E2A /* VideoToolbox.framework in Frameworks */ = {isa = PBXBuildFile; fileRef = AA63F8F92E791F8600154E2A /* VideoToolbox.framework */; };
		AA63F8FC2E791F9500154E2A /* libbz2.tbd in Frameworks */ = {isa = PBXBuildFile; fileRef = AA63F8FB2E791F9500154E2A /* libbz2.tbd */; };
		AA63FA592E798FDC00154E2A /* libiconv.tbd in Frameworks */ = {isa = PBXBuildFile; fileRef = AA63FA582E798FDC00154E2A /* libiconv.tbd */; };
		AA7AF64D2DF57467002EC51D /* WidgetKit.framework in Frameworks */ = {isa = PBXBuildFile; fileRef = AA7AF64C2DF57467002EC51D /* WidgetKit.framework */; };
		AA7AF64F2DF57467002EC51D /* SwiftUI.framework in Frameworks */ = {isa = PBXBuildFile; fileRef = AA7AF64E2DF57467002EC51D /* SwiftUI.framework */; };
		AA7AF6602DF57468002EC51D /* ScrcpyLiveActivityWidgetExtension.appex in Embed Foundation Extensions */ = {isa = PBXBuildFile; fileRef = AA7AF64B2DF57467002EC51D /* ScrcpyLiveActivityWidgetExtension.appex */; settings = {ATTRIBUTES = (RemoveHeadersOnCopy, ); }; };
		AAA4EF452D0D887900D361CA /* KeychainSwift in Frameworks */ = {isa = PBXBuildFile; productRef = AAA4EF442D0D887900D361CA /* KeychainSwift */; };
		AAA4EF622D0DFA7800D361CA /* AVFoundation.framework in Frameworks */ = {isa = PBXBuildFile; fileRef = AAA4EF612D0DFA7800D361CA /* AVFoundation.framework */; };
		AAA4EF642D0DFA7E00D361CA /* CoreHaptics.framework in Frameworks */ = {isa = PBXBuildFile; fileRef = AAA4EF632D0DFA7E00D361CA /* CoreHaptics.framework */; };
		AAA4EF662D0DFA8800D361CA /* GameController.framework in Frameworks */ = {isa = PBXBuildFile; fileRef = AAA4EF652D0DFA8800D361CA /* GameController.framework */; };
		AAA4EF682D0DFA9000D361CA /* CoreMotion.framework in Frameworks */ = {isa = PBXBuildFile; fileRef = AAA4EF672D0DFA9000D361CA /* CoreMotion.framework */; };
		AAA4EF6A2D0DFA9900D361CA /* CoreFoundation.framework in Frameworks */ = {isa = PBXBuildFile; fileRef = AAA4EF692D0DFA9900D361CA /* CoreFoundation.framework */; };
		AAA4EF6C2D0DFAB700D361CA /* AudioToolbox.framework in Frameworks */ = {isa = PBXBuildFile; fileRef = AAA4EF6B2D0DFAB700D361CA /* AudioToolbox.framework */; };
		AAA4EFA42D0FBEB000D361CA /* VNCClient.framework in Frameworks */ = {isa = PBXBuildFile; fileRef = AAA4EF9E2D0FBEB000D361CA /* VNCClient.framework */; platformFilter = ios; };
		AAA4EFA52D0FBEB000D361CA /* VNCClient.framework in Embed Frameworks */ = {isa = PBXBuildFile; fileRef = AAA4EF9E2D0FBEB000D361CA /* VNCClient.framework */; platformFilter = ios; settings = {ATTRIBUTES = (CodeSignOnCopy, RemoveHeadersOnCopy, ); }; };
		AAA4EFB22D0FC4EC00D361CA /* AudioToolbox.framework in Frameworks */ = {isa = PBXBuildFile; fileRef = AAA4EFB12D0FC4EC00D361CA /* AudioToolbox.framework */; };
		AAA4EFB42D0FC4F400D361CA /* CoreFoundation.framework in Frameworks */ = {isa = PBXBuildFile; fileRef = AAA4EFB32D0FC4F400D361CA /* CoreFoundation.framework */; };
		AAA4EFB62D0FC4F900D361CA /* CoreMotion.framework in Frameworks */ = {isa = PBXBuildFile; fileRef = AAA4EFB52D0FC4F900D361CA /* CoreMotion.framework */; };
		AAA4EFB82D0FC50800D361CA /* GameController.framework in Frameworks */ = {isa = PBXBuildFile; fileRef = AAA4EFB72D0FC50800D361CA /* GameController.framework */; };
		AAA4EFBA2D0FC51000D361CA /* CoreHaptics.framework in Frameworks */ = {isa = PBXBuildFile; fileRef = AAA4EFB92D0FC51000D361CA /* CoreHaptics.framework */; };
		AAA4EFBC2D0FC52000D361CA /* AVFoundation.framework in Frameworks */ = {isa = PBXBuildFile; fileRef = AAA4EFBB2D0FC52000D361CA /* AVFoundation.framework */; };
		AAA4EFC22D0FD6D000D361CA /* libz.tbd in Frameworks */ = {isa = PBXBuildFile; fileRef = AAA4EFC12D0FD6D000D361CA /* libz.tbd */; };
/* End PBXBuildFile section */

/* Begin PBXContainerItemProxy section */
		AA7AF65E2DF57468002EC51D /* PBXContainerItemProxy */ = {
			isa = PBXContainerItemProxy;
			containerPortal = AA7EA51E2D01F33E00FF7760 /* Project object */;
			proxyType = 1;
			remoteGlobalIDString = AA7AF64A2DF57467002EC51D;
			remoteInfo = ScrcpyLiveActivityWidgetExtension;
		};
		AAA4EF522D0DA3B100D361CA /* PBXContainerItemProxy */ = {
			isa = PBXContainerItemProxy;
			containerPortal = AA7EA51E2D01F33E00FF7760 /* Project object */;
			proxyType = 1;
			remoteGlobalIDString = AA7EA5252D01F33E00FF7760;
			remoteInfo = "Scrcpy Remote";
		};
		AAA4EFA22D0FBEB000D361CA /* PBXContainerItemProxy */ = {
			isa = PBXContainerItemProxy;
			containerPortal = AA7EA51E2D01F33E00FF7760 /* Project object */;
			proxyType = 1;
			remoteGlobalIDString = AAA4EF9D2D0FBEB000D361CA;
			remoteInfo = VNCClient;
		};
/* End PBXContainerItemProxy section */

/* Begin PBXCopyFilesBuildPhase section */
		AA7AF6652DF57468002EC51D /* Embed Foundation Extensions */ = {
			isa = PBXCopyFilesBuildPhase;
			buildActionMask = 2147483647;
			dstPath = "";
			dstSubfolderSpec = 13;
			files = (
				AA7AF6602DF57468002EC51D /* ScrcpyLiveActivityWidgetExtension.appex in Embed Foundation Extensions */,
			);
			name = "Embed Foundation Extensions";
			runOnlyForDeploymentPostprocessing = 0;
		};
		AAA4EFAA2D0FBEB000D361CA /* Embed Frameworks */ = {
			isa = PBXCopyFilesBuildPhase;
			buildActionMask = 2147483647;
			dstPath = "";
			dstSubfolderSpec = 10;
			files = (
				AAA4EFA52D0FBEB000D361CA /* VNCClient.framework in Embed Frameworks */,
			);
			name = "Embed Frameworks";
			runOnlyForDeploymentPostprocessing = 0;
		};
/* End PBXCopyFilesBuildPhase section */

/* Begin PBXFileReference section */
		AA18D7272E0800BE00CD7D92 /* CoreBluetooth.framework */ = {isa = PBXFileReference; lastKnownFileType = wrapper.framework; name = CoreBluetooth.framework; path = Platforms/MacOSX.platform/Developer/SDKs/MacOSX15.5.sdk/System/Library/Frameworks/CoreBluetooth.framework; sourceTree = DEVELOPER_DIR; };
		AA63F8F92E791F8600154E2A /* VideoToolbox.framework */ = {isa = PBXFileReference; lastKnownFileType = wrapper.framework; name = VideoToolbox.framework; path = System/Library/Frameworks/VideoToolbox.framework; sourceTree = SDKROOT; };
		AA63F8FB2E791F9500154E2A /* libbz2.tbd */ = {isa = PBXFileReference; lastKnownFileType = "sourcecode.text-based-dylib-definition"; name = libbz2.tbd; path = usr/lib/libbz2.tbd; sourceTree = SDKROOT; };
		AA63FA482E798F4100154E2A /* libavutil.a */ = {isa = PBXFileReference; lastKnownFileType = archive.ar; name = libavutil.a; path = "../../../../Downloads/ffmpeg-ios/FFmpeg/libavutil/libavutil.a"; sourceTree = "<group>"; };
		AA63FA4A2E798F8D00154E2A /* libswscale.a */ = {isa = PBXFileReference; lastKnownFileType = archive.ar; name = libswscale.a; path = "../../../../Downloads/ffmpeg-ios/FFmpeg/libs/libswscale.a"; sourceTree = "<group>"; };
		AA63FA4B2E798F8D00154E2A /* libavdevice.a */ = {isa = PBXFileReference; lastKnownFileType = archive.ar; name = libavdevice.a; path = "../../../../Downloads/ffmpeg-ios/FFmpeg/libs/libavdevice.a"; sourceTree = "<group>"; };
		AA63FA4C2E798F8D00154E2A /* libswresample.a */ = {isa = PBXFileReference; lastKnownFileType = archive.ar; name = libswresample.a; path = "../../../../Downloads/ffmpeg-ios/FFmpeg/libs/libswresample.a"; sourceTree = "<group>"; };
		AA63FA4D2E798F8D00154E2A /* libavutil.a */ = {isa = PBXFileReference; lastKnownFileType = archive.ar; name = libavutil.a; path = "../../../../Downloads/ffmpeg-ios/FFmpeg/libs/libavutil.a"; sourceTree = "<group>"; };
		AA63FA4E2E798F8D00154E2A /* libavfilter.a */ = {isa = PBXFileReference; lastKnownFileType = archive.ar; name = libavfilter.a; path = "../../../../Downloads/ffmpeg-ios/FFmpeg/libs/libavfilter.a"; sourceTree = "<group>"; };
		AA63FA4F2E798F8D00154E2A /* libavcodec.a */ = {isa = PBXFileReference; lastKnownFileType = archive.ar; name = libavcodec.a; path = "../../../../Downloads/ffmpeg-ios/FFmpeg/libs/libavcodec.a"; sourceTree = "<group>"; };
		AA63FA502E798F8D00154E2A /* libavformat.a */ = {isa = PBXFileReference; lastKnownFileType = archive.ar; name = libavformat.a; path = "../../../../Downloads/ffmpeg-ios/FFmpeg/libs/libavformat.a"; sourceTree = "<group>"; };
		AA63FA582E798FDC00154E2A /* libiconv.tbd */ = {isa = PBXFileReference; lastKnownFileType = "sourcecode.text-based-dylib-definition"; name = libiconv.tbd; path = usr/lib/libiconv.tbd; sourceTree = SDKROOT; };
		AA7AF64B2DF57467002EC51D /* ScrcpyLiveActivityWidgetExtension.appex */ = {isa = PBXFileReference; explicitFileType = "wrapper.app-extension"; includeInIndex = 0; path = ScrcpyLiveActivityWidgetExtension.appex; sourceTree = BUILT_PRODUCTS_DIR; };
		AA7AF64C2DF57467002EC51D /* WidgetKit.framework */ = {isa = PBXFileReference; lastKnownFileType = wrapper.framework; name = WidgetKit.framework; path = System/Library/Frameworks/WidgetKit.framework; sourceTree = SDKROOT; };
		AA7AF64E2DF57467002EC51D /* SwiftUI.framework */ = {isa = PBXFileReference; lastKnownFileType = wrapper.framework; name = SwiftUI.framework; path = System/Library/Frameworks/SwiftUI.framework; sourceTree = SDKROOT; };
		AA7EA5262D01F33E00FF7760 /* Scrcpy Remote.app */ = {isa = PBXFileReference; explicitFileType = wrapper.application; includeInIndex = 0; path = "Scrcpy Remote.app"; sourceTree = BUILT_PRODUCTS_DIR; };
		AA8E623A2DC6502300999976 /* libarchive.a */ = {isa = PBXFileReference; explicitFileType = archive.ar; path = libarchive.a; sourceTree = BUILT_PRODUCTS_DIR; };
		AA8E626B2DC655DD00999976 /* libarchive.tbd */ = {isa = PBXFileReference; lastKnownFileType = "sourcecode.text-based-dylib-definition"; name = libarchive.tbd; path = usr/lib/libarchive.tbd; sourceTree = SDKROOT; };
		AAA4EF4E2D0DA3B100D361CA /* Scrcpy Remote Tests.xctest */ = {isa = PBXFileReference; explicitFileType = wrapper.cfbundle; includeInIndex = 0; path = "Scrcpy Remote Tests.xctest"; sourceTree = BUILT_PRODUCTS_DIR; };
		AAA4EF612D0DFA7800D361CA /* AVFoundation.framework */ = {isa = PBXFileReference; lastKnownFileType = wrapper.framework; name = AVFoundation.framework; path = System/Library/Frameworks/AVFoundation.framework; sourceTree = SDKROOT; };
		AAA4EF632D0DFA7E00D361CA /* CoreHaptics.framework */ = {isa = PBXFileReference; lastKnownFileType = wrapper.framework; name = CoreHaptics.framework; path = System/Library/Frameworks/CoreHaptics.framework; sourceTree = SDKROOT; };
		AAA4EF652D0DFA8800D361CA /* GameController.framework */ = {isa = PBXFileReference; lastKnownFileType = wrapper.framework; name = GameController.framework; path = System/Library/Frameworks/GameController.framework; sourceTree = SDKROOT; };
		AAA4EF672D0DFA9000D361CA /* CoreMotion.framework */ = {isa = PBXFileReference; lastKnownFileType = wrapper.framework; name = CoreMotion.framework; path = System/Library/Frameworks/CoreMotion.framework; sourceTree = SDKROOT; };
		AAA4EF692D0DFA9900D361CA /* CoreFoundation.framework */ = {isa = PBXFileReference; lastKnownFileType = wrapper.framework; name = CoreFoundation.framework; path = System/Library/Frameworks/CoreFoundation.framework; sourceTree = SDKROOT; };
		AAA4EF6B2D0DFAB700D361CA /* AudioToolbox.framework */ = {isa = PBXFileReference; lastKnownFileType = wrapper.framework; name = AudioToolbox.framework; path = System/Library/Frameworks/AudioToolbox.framework; sourceTree = SDKROOT; };
		AAA4EF9E2D0FBEB000D361CA /* VNCClient.framework */ = {isa = PBXFileReference; explicitFileType = wrapper.framework; includeInIndex = 0; path = VNCClient.framework; sourceTree = BUILT_PRODUCTS_DIR; };
		AAA4EFB12D0FC4EC00D361CA /* AudioToolbox.framework */ = {isa = PBXFileReference; lastKnownFileType = wrapper.framework; name = AudioToolbox.framework; path = Platforms/MacOSX.platform/Developer/SDKs/MacOSX15.1.sdk/System/Library/Frameworks/AudioToolbox.framework; sourceTree = DEVELOPER_DIR; };
		AAA4EFB32D0FC4F400D361CA /* CoreFoundation.framework */ = {isa = PBXFileReference; lastKnownFileType = wrapper.framework; name = CoreFoundation.framework; path = Platforms/MacOSX.platform/Developer/SDKs/MacOSX15.1.sdk/System/Library/Frameworks/CoreFoundation.framework; sourceTree = DEVELOPER_DIR; };
		AAA4EFB52D0FC4F900D361CA /* CoreMotion.framework */ = {isa = PBXFileReference; lastKnownFileType = wrapper.framework; name = CoreMotion.framework; path = Platforms/MacOSX.platform/Developer/SDKs/MacOSX15.1.sdk/System/Library/Frameworks/CoreMotion.framework; sourceTree = DEVELOPER_DIR; };
		AAA4EFB72D0FC50800D361CA /* GameController.framework */ = {isa = PBXFileReference; lastKnownFileType = wrapper.framework; name = GameController.framework; path = Platforms/MacOSX.platform/Developer/SDKs/MacOSX15.1.sdk/System/iOSSupport/System/Library/Frameworks/GameController.framework; sourceTree = DEVELOPER_DIR; };
		AAA4EFB92D0FC51000D361CA /* CoreHaptics.framework */ = {isa = PBXFileReference; lastKnownFileType = wrapper.framework; name = CoreHaptics.framework; path = Platforms/MacOSX.platform/Developer/SDKs/MacOSX15.1.sdk/System/Library/Frameworks/CoreHaptics.framework; sourceTree = DEVELOPER_DIR; };
		AAA4EFBB2D0FC52000D361CA /* AVFoundation.framework */ = {isa = PBXFileReference; lastKnownFileType = wrapper.framework; name = AVFoundation.framework; path = Platforms/MacOSX.platform/Developer/SDKs/MacOSX15.1.sdk/System/Library/Frameworks/AVFoundation.framework; sourceTree = DEVELOPER_DIR; };
		AAA4EFC12D0FD6D000D361CA /* libz.tbd */ = {isa = PBXFileReference; lastKnownFileType = "sourcecode.text-based-dylib-definition"; name = libz.tbd; path = Platforms/MacOSX.platform/Developer/SDKs/MacOSX15.1.sdk/usr/lib/libz.tbd; sourceTree = DEVELOPER_DIR; };
/* End PBXFileReference section */

/* Begin PBXFileSystemSynchronizedBuildFileExceptionSet section */
		AA18D7FE2E0FC11B00CD7D92 /* Exceptions for "VNCClient" folder in "VNCClient" target */ = {
			isa = PBXFileSystemSynchronizedBuildFileExceptionSet;
			membershipExceptions = (
				ScrcpyCommonRuntime.m,
				ScrcpyVNCAudioPlayer.m,
				ScrcpyVNCClient.h,
				ScrcpyVNCClient.m,
				ScrcpyVNCRuntime.m,
			);
			target = AAA4EF9D2D0FBEB000D361CA /* VNCClient */;
		};
		AA18D8022E0FC95500CD7D92 /* Exceptions for "VNCClient" folder in "Scrcpy Remote" target */ = {
			isa = PBXFileSystemSynchronizedBuildFileExceptionSet;
			membershipExceptions = (
				ScrcpyVNCClient.m,
				ScrcpyVNCRuntime.m,
			);
			target = AA7EA5252D01F33E00FF7760 /* Scrcpy Remote */;
		};
		AA4B6E142DEB40C900813661 /* Exceptions for "LatencyTest" folder in "Scrcpy Remote" target */ = {
			isa = PBXFileSystemSynchronizedBuildFileExceptionSet;
			membershipExceptions = (
				Makefile,
				README.md,
				"tcp-latency-tester",
				"tcp-latency-tester-cli.m",
			);
			target = AA7EA5252D01F33E00FF7760 /* Scrcpy Remote */;
		};
		AA4B6E3C2DEDD48E00813661 /* Exceptions for "Scrcpy Remote" folder in "VNCClient" target */ = {
			isa = PBXFileSystemSynchronizedBuildFileExceptionSet;
			membershipExceptions = (
				ScrcpyCommon.m,
				ScrcpyConstants.m,
				ScrcpyInputMaskView.m,
				ScrcpyMenuMaskView.m,
			);
			target = AAA4EF9D2D0FBEB000D361CA /* VNCClient */;
		};
		AA7AF6642DF57468002EC51D /* Exceptions for "ScrcpyLiveActivityWidget" folder in "ScrcpyLiveActivityWidgetExtension" target */ = {
			isa = PBXFileSystemSynchronizedBuildFileExceptionSet;
			membershipExceptions = (
				Info.plist,
			);
			target = AA7AF64A2DF57467002EC51D /* ScrcpyLiveActivityWidgetExtension */;
		};
		AA7AF66C2DF57674002EC51D /* Exceptions for "ScrcpyLiveActivityWidget" folder in "Scrcpy Remote" target */ = {
			isa = PBXFileSystemSynchronizedBuildFileExceptionSet;
			membershipExceptions = (
				ScrcpyLiveActivityAttributes.swift,
			);
			target = AA7EA5252D01F33E00FF7760 /* Scrcpy Remote */;
		};
		AAA4EF5C2D0DF10100D361CA /* Exceptions for "Scrcpy SDL" folder in "Scrcpy Remote" target */ = {
			isa = PBXFileSystemSynchronizedBuildFileExceptionSet;
			membershipExceptions = (
				ScrcpyBlockWrapper.m,
				ScrcpyClientWrapper.m,
			);
			target = AA7EA5252D01F33E00FF7760 /* Scrcpy Remote */;
		};
		AAA4EFC62D0FF5DF00D361CA /* Exceptions for "Scrcpy SDL" folder in "VNCClient" target */ = {
			isa = PBXFileSystemSynchronizedBuildFileExceptionSet;
			membershipExceptions = (
				ScrcpyBlockWrapper.m,
			);
			target = AAA4EF9D2D0FBEB000D361CA /* VNCClient */;
		};
/* End PBXFileSystemSynchronizedBuildFileExceptionSet section */

/* Begin PBXFileSystemSynchronizedRootGroup section */
		AA18D7F82E0FC0CD00CD7D92 /* VNCClient */ = {
			isa = PBXFileSystemSynchronizedRootGroup;
			exceptions = (
				AA18D8022E0FC95500CD7D92 /* Exceptions for "VNCClient" folder in "Scrcpy Remote" target */,
				AA18D7FE2E0FC11B00CD7D92 /* Exceptions for "VNCClient" folder in "VNCClient" target */,
			);
			path = VNCClient;
			sourceTree = "<group>";
		};
		AA4B6E0C2DEB409D00813661 /* LatencyTest */ = {
			isa = PBXFileSystemSynchronizedRootGroup;
			exceptions = (
				AA4B6E142DEB40C900813661 /* Exceptions for "LatencyTest" folder in "Scrcpy Remote" target */,
			);
			path = LatencyTest;
			sourceTree = "<group>";
		};
		AA7AF6502DF57467002EC51D /* ScrcpyLiveActivityWidget */ = {
			isa = PBXFileSystemSynchronizedRootGroup;
			exceptions = (
				AA7AF66C2DF57674002EC51D /* Exceptions for "ScrcpyLiveActivityWidget" folder in "Scrcpy Remote" target */,
				AA7AF6642DF57468002EC51D /* Exceptions for "ScrcpyLiveActivityWidget" folder in "ScrcpyLiveActivityWidgetExtension" target */,
			);
			path = ScrcpyLiveActivityWidget;
			sourceTree = "<group>";
		};
		AA7EA5282D01F33E00FF7760 /* Scrcpy Remote */ = {
			isa = PBXFileSystemSynchronizedRootGroup;
			exceptions = (
				AA4B6E3C2DEDD48E00813661 /* Exceptions for "Scrcpy Remote" folder in "VNCClient" target */,
			);
			path = "Scrcpy Remote";
			sourceTree = "<group>";
		};
		AAA4EF4F2D0DA3B100D361CA /* Scrcpy Remote Tests */ = {
			isa = PBXFileSystemSynchronizedRootGroup;
			path = "Scrcpy Remote Tests";
			sourceTree = "<group>";
		};
		AAA4EF592D0DEC9300D361CA /* Scrcpy SDL */ = {
			isa = PBXFileSystemSynchronizedRootGroup;
			exceptions = (
				AAA4EF5C2D0DF10100D361CA /* Exceptions for "Scrcpy SDL" folder in "Scrcpy Remote" target */,
				AAA4EFC62D0FF5DF00D361CA /* Exceptions for "Scrcpy SDL" folder in "VNCClient" target */,
			);
			path = "Scrcpy SDL";
			sourceTree = "<group>";
		};
		AAA4EFC72D1072DE00D361CA /* ADBClient */ = {
			isa = PBXFileSystemSynchronizedRootGroup;
			path = ADBClient;
			sourceTree = "<group>";
		};
/* End PBXFileSystemSynchronizedRootGroup section */

/* Begin PBXFrameworksBuildPhase section */
		AA7AF6482DF57467002EC51D /* Frameworks */ = {
			isa = PBXFrameworksBuildPhase;
			buildActionMask = 2147483647;
			files = (
				AA7AF64F2DF57467002EC51D /* SwiftUI.framework in Frameworks */,
				AA7AF64D2DF57467002EC51D /* WidgetKit.framework in Frameworks */,
			);
			runOnlyForDeploymentPostprocessing = 0;
		};
		AA7EA5232D01F33E00FF7760 /* Frameworks */ = {
			isa = PBXFrameworksBuildPhase;
			buildActionMask = 2147483647;
			files = (
				AA63FA592E798FDC00154E2A /* libiconv.tbd in Frameworks */,
				AA63F8FC2E791F9500154E2A /* libbz2.tbd in Frameworks */,
				AA63F8FA2E791F8600154E2A /* VideoToolbox.framework in Frameworks */,
				AAA4EFA42D0FBEB000D361CA /* VNCClient.framework in Frameworks */,
				AAA4EF6C2D0DFAB700D361CA /* AudioToolbox.framework in Frameworks */,
				AAA4EF6A2D0DFA9900D361CA /* CoreFoundation.framework in Frameworks */,
				AAA4EF682D0DFA9000D361CA /* CoreMotion.framework in Frameworks */,
				AAA4EF662D0DFA8800D361CA /* GameController.framework in Frameworks */,
				AAA4EF642D0DFA7E00D361CA /* CoreHaptics.framework in Frameworks */,
				AAA4EF622D0DFA7800D361CA /* AVFoundation.framework in Frameworks */,
				AAA4EF452D0D887900D361CA /* KeychainSwift in Frameworks */,
			);
			runOnlyForDeploymentPostprocessing = 0;
		};
		AAA4EF4B2D0DA3B100D361CA /* Frameworks */ = {
			isa = PBXFrameworksBuildPhase;
			buildActionMask = 2147483647;
			files = (
			);
			runOnlyForDeploymentPostprocessing = 0;
		};
		AAA4EF9B2D0FBEB000D361CA /* Frameworks */ = {
			isa = PBXFrameworksBuildPhase;
			buildActionMask = 2147483647;
			files = (
				AA18D7282E0800BE00CD7D92 /* CoreBluetooth.framework in Frameworks */,
				AAA4EFC22D0FD6D000D361CA /* libz.tbd in Frameworks */,
				AAA4EFBC2D0FC52000D361CA /* AVFoundation.framework in Frameworks */,
				AAA4EFBA2D0FC51000D361CA /* CoreHaptics.framework in Frameworks */,
				AAA4EFB82D0FC50800D361CA /* GameController.framework in Frameworks */,
				AAA4EFB62D0FC4F900D361CA /* CoreMotion.framework in Frameworks */,
				AAA4EFB42D0FC4F400D361CA /* CoreFoundation.framework in Frameworks */,
				AAA4EFB22D0FC4EC00D361CA /* AudioToolbox.framework in Frameworks */,
			);
			runOnlyForDeploymentPostprocessing = 0;
		};
/* End PBXFrameworksBuildPhase section */

/* Begin PBXGroup section */
		AA7EA51D2D01F33E00FF7760 = {
			isa = PBXGroup;
			children = (
				AAA4EFC72D1072DE00D361CA /* ADBClient */,
				AAA4EF592D0DEC9300D361CA /* Scrcpy SDL */,
				AA7EA5282D01F33E00FF7760 /* Scrcpy Remote */,
				AAA4EF4F2D0DA3B100D361CA /* Scrcpy Remote Tests */,
				AA4B6E0C2DEB409D00813661 /* LatencyTest */,
				AA18D7F82E0FC0CD00CD7D92 /* VNCClient */,
				AA7AF6502DF57467002EC51D /* ScrcpyLiveActivityWidget */,
				AAA4EF322D0D277400D361CA /* Frameworks */,
				AA7EA5272D01F33E00FF7760 /* Products */,
			);
			sourceTree = "<group>";
		};
		AA7EA5272D01F33E00FF7760 /* Products */ = {
			isa = PBXGroup;
			children = (
				AA7EA5262D01F33E00FF7760 /* Scrcpy Remote.app */,
				AAA4EF4E2D0DA3B100D361CA /* Scrcpy Remote Tests.xctest */,
				AAA4EF9E2D0FBEB000D361CA /* VNCClient.framework */,
				AA7AF64B2DF57467002EC51D /* ScrcpyLiveActivityWidgetExtension.appex */,
			);
			name = Products;
			sourceTree = "<group>";
		};
		AAA4EF322D0D277400D361CA /* Frameworks */ = {
			isa = PBXGroup;
			children = (
				AA63FA582E798FDC00154E2A /* libiconv.tbd */,
				AA63FA4E2E798F8D00154E2A /* libavfilter.a */,
				AA63FA502E798F8D00154E2A /* libavformat.a */,
				AA63FA482E798F4100154E2A /* libavutil.a */,
				AA63FA4F2E798F8D00154E2A /* libavcodec.a */,
				AA63FA4B2E798F8D00154E2A /* libavdevice.a */,
				AA63FA4D2E798F8D00154E2A /* libavutil.a */,
				AA63FA4C2E798F8D00154E2A /* libswresample.a */,
				AA63FA4A2E798F8D00154E2A /* libswscale.a */,
				AA63F8FB2E791F9500154E2A /* libbz2.tbd */,
				AA63F8F92E791F8600154E2A /* VideoToolbox.framework */,
				AA18D7272E0800BE00CD7D92 /* CoreBluetooth.framework */,
				AA8E626B2DC655DD00999976 /* libarchive.tbd */,
				AA8E623A2DC6502300999976 /* libarchive.a */,
				AAA4EFC12D0FD6D000D361CA /* libz.tbd */,
				AAA4EFBB2D0FC52000D361CA /* AVFoundation.framework */,
				AAA4EFB92D0FC51000D361CA /* CoreHaptics.framework */,
				AAA4EFB72D0FC50800D361CA /* GameController.framework */,
				AAA4EFB52D0FC4F900D361CA /* CoreMotion.framework */,
				AAA4EFB32D0FC4F400D361CA /* CoreFoundation.framework */,
				AAA4EF6B2D0DFAB700D361CA /* AudioToolbox.framework */,
				AAA4EFB12D0FC4EC00D361CA /* AudioToolbox.framework */,
				AAA4EF692D0DFA9900D361CA /* CoreFoundation.framework */,
				AAA4EF672D0DFA9000D361CA /* CoreMotion.framework */,
				AAA4EF652D0DFA8800D361CA /* GameController.framework */,
				AAA4EF632D0DFA7E00D361CA /* CoreHaptics.framework */,
				AAA4EF612D0DFA7800D361CA /* AVFoundation.framework */,
				AA7AF64C2DF57467002EC51D /* WidgetKit.framework */,
				AA7AF64E2DF57467002EC51D /* SwiftUI.framework */,
			);
			name = Frameworks;
			sourceTree = "<group>";
		};
/* End PBXGroup section */

/* Begin PBXHeadersBuildPhase section */
		AAA4EF992D0FBEB000D361CA /* Headers */ = {
			isa = PBXHeadersBuildPhase;
			buildActionMask = 2147483647;
			files = (
			);
			runOnlyForDeploymentPostprocessing = 0;
		};
/* End PBXHeadersBuildPhase section */

/* Begin PBXNativeTarget section */
		AA7AF64A2DF57467002EC51D /* ScrcpyLiveActivityWidgetExtension */ = {
			isa = PBXNativeTarget;
			buildConfigurationList = AA7AF6612DF57468002EC51D /* Build configuration list for PBXNativeTarget "ScrcpyLiveActivityWidgetExtension" */;
			buildPhases = (
				AA7AF6472DF57467002EC51D /* Sources */,
				AA7AF6482DF57467002EC51D /* Frameworks */,
				AA7AF6492DF57467002EC51D /* Resources */,
			);
			buildRules = (
			);
			dependencies = (
			);
			fileSystemSynchronizedGroups = (
				AA7AF6502DF57467002EC51D /* ScrcpyLiveActivityWidget */,
			);
			name = ScrcpyLiveActivityWidgetExtension;
			packageProductDependencies = (
			);
			productName = ScrcpyLiveActivityWidgetExtension;
			productReference = AA7AF64B2DF57467002EC51D /* ScrcpyLiveActivityWidgetExtension.appex */;
			productType = "com.apple.product-type.app-extension";
		};
		AA7EA5252D01F33E00FF7760 /* Scrcpy Remote */ = {
			isa = PBXNativeTarget;
			buildConfigurationList = AA7EA5342D01F33F00FF7760 /* Build configuration list for PBXNativeTarget "Scrcpy Remote" */;
			buildPhases = (
				AA7EA5222D01F33E00FF7760 /* Sources */,
				AA7EA5232D01F33E00FF7760 /* Frameworks */,
				AA7EA5242D01F33E00FF7760 /* Resources */,
				AAA4EFAA2D0FBEB000D361CA /* Embed Frameworks */,
				AA7AF6652DF57468002EC51D /* Embed Foundation Extensions */,
			);
			buildRules = (
			);
			dependencies = (
				AAA4EFA32D0FBEB000D361CA /* PBXTargetDependency */,
				AA7AF65F2DF57468002EC51D /* PBXTargetDependency */,
			);
			fileSystemSynchronizedGroups = (
				AA18D7F82E0FC0CD00CD7D92 /* VNCClient */,
				AA4B6E0C2DEB409D00813661 /* LatencyTest */,
				AA7EA5282D01F33E00FF7760 /* Scrcpy Remote */,
				AAA4EFC72D1072DE00D361CA /* ADBClient */,
			);
			name = "Scrcpy Remote";
			packageProductDependencies = (
				AAA4EF442D0D887900D361CA /* KeychainSwift */,
			);
			productName = "Scrcpy Remote";
			productReference = AA7EA5262D01F33E00FF7760 /* Scrcpy Remote.app */;
			productType = "com.apple.product-type.application";
		};
		AAA4EF4D2D0DA3B100D361CA /* Scrcpy Remote Tests */ = {
			isa = PBXNativeTarget;
			buildConfigurationList = AAA4EF542D0DA3B100D361CA /* Build configuration list for PBXNativeTarget "Scrcpy Remote Tests" */;
			buildPhases = (
				AAA4EF4A2D0DA3B100D361CA /* Sources */,
				AAA4EF4B2D0DA3B100D361CA /* Frameworks */,
				AAA4EF4C2D0DA3B100D361CA /* Resources */,
			);
			buildRules = (
			);
			dependencies = (
				AAA4EF532D0DA3B100D361CA /* PBXTargetDependency */,
			);
			fileSystemSynchronizedGroups = (
				AAA4EF4F2D0DA3B100D361CA /* Scrcpy Remote Tests */,
			);
			name = "Scrcpy Remote Tests";
			packageProductDependencies = (
			);
			productName = "Scrcpy Remote Tests";
			productReference = AAA4EF4E2D0DA3B100D361CA /* Scrcpy Remote Tests.xctest */;
			productType = "com.apple.product-type.bundle.unit-test";
		};
		AAA4EF9D2D0FBEB000D361CA /* VNCClient */ = {
			isa = PBXNativeTarget;
			buildConfigurationList = AAA4EFA62D0FBEB000D361CA /* Build configuration list for PBXNativeTarget "VNCClient" */;
			buildPhases = (
				AAA4EF992D0FBEB000D361CA /* Headers */,
				AAA4EF9A2D0FBEB000D361CA /* Sources */,
				AAA4EF9B2D0FBEB000D361CA /* Frameworks */,
				AAA4EF9C2D0FBEB000D361CA /* Resources */,
			);
			buildRules = (
			);
			dependencies = (
			);
			name = VNCClient;
			packageProductDependencies = (
			);
			productName = VNCClient;
			productReference = AAA4EF9E2D0FBEB000D361CA /* VNCClient.framework */;
			productType = "com.apple.product-type.framework";
		};
/* End PBXNativeTarget section */

/* Begin PBXProject section */
		AA7EA51E2D01F33E00FF7760 /* Project object */ = {
			isa = PBXProject;
			attributes = {
				BuildIndependentTargetsInParallel = 1;
				LastSwiftUpdateCheck = 1620;
				LastUpgradeCheck = 1610;
				TargetAttributes = {
					AA7AF64A2DF57467002EC51D = {
						CreatedOnToolsVersion = 16.2;
					};
					AA7EA5252D01F33E00FF7760 = {
						CreatedOnToolsVersion = 16.1;
						LastSwiftMigration = 1610;
					};
					AAA4EF4D2D0DA3B100D361CA = {
						CreatedOnToolsVersion = 16.1;
						TestTargetID = AA7EA5252D01F33E00FF7760;
					};
					AAA4EF9D2D0FBEB000D361CA = {
						CreatedOnToolsVersion = 16.1;
						LastSwiftMigration = 1610;
					};
				};
			};
			buildConfigurationList = AA7EA5212D01F33E00FF7760 /* Build configuration list for PBXProject "Scrcpy Remote" */;
			developmentRegion = en;
			hasScannedForEncodings = 0;
			knownRegions = (
				en,
				Base,
				"zh-Hans",
				ja,
				ko,
			);
			mainGroup = AA7EA51D2D01F33E00FF7760;
			minimizedProjectReferenceProxies = 1;
			packageReferences = (
				AAA4EF432D0D887900D361CA /* XCRemoteSwiftPackageReference "keychain-swift" */,
			);
			preferredProjectObjectVersion = 77;
			productRefGroup = AA7EA5272D01F33E00FF7760 /* Products */;
			projectDirPath = "";
			projectRoot = "";
			targets = (
				AA7EA5252D01F33E00FF7760 /* Scrcpy Remote */,
				AAA4EF4D2D0DA3B100D361CA /* Scrcpy Remote Tests */,
				AAA4EF9D2D0FBEB000D361CA /* VNCClient */,
				AA7AF64A2DF57467002EC51D /* ScrcpyLiveActivityWidgetExtension */,
			);
		};
/* End PBXProject section */

/* Begin PBXResourcesBuildPhase section */
		AA7AF6492DF57467002EC51D /* Resources */ = {
			isa = PBXResourcesBuildPhase;
			buildActionMask = 2147483647;
			files = (
			);
			runOnlyForDeploymentPostprocessing = 0;
		};
		AA7EA5242D01F33E00FF7760 /* Resources */ = {
			isa = PBXResourcesBuildPhase;
			buildActionMask = 2147483647;
			files = (
			);
			runOnlyForDeploymentPostprocessing = 0;
		};
		AAA4EF4C2D0DA3B100D361CA /* Resources */ = {
			isa = PBXResourcesBuildPhase;
			buildActionMask = 2147483647;
			files = (
			);
			runOnlyForDeploymentPostprocessing = 0;
		};
		AAA4EF9C2D0FBEB000D361CA /* Resources */ = {
			isa = PBXResourcesBuildPhase;
			buildActionMask = 2147483647;
			files = (
			);
			runOnlyForDeploymentPostprocessing = 0;
		};
/* End PBXResourcesBuildPhase section */

/* Begin PBXSourcesBuildPhase section */
		AA7AF6472DF57467002EC51D /* Sources */ = {
			isa = PBXSourcesBuildPhase;
			buildActionMask = 2147483647;
			files = (
			);
			runOnlyForDeploymentPostprocessing = 0;
		};
		AA7EA5222D01F33E00FF7760 /* Sources */ = {
			isa = PBXSourcesBuildPhase;
			buildActionMask = 2147483647;
			files = (
			);
			runOnlyForDeploymentPostprocessing = 0;
		};
		AAA4EF4A2D0DA3B100D361CA /* Sources */ = {
			isa = PBXSourcesBuildPhase;
			buildActionMask = 2147483647;
			files = (
			);
			runOnlyForDeploymentPostprocessing = 0;
		};
		AAA4EF9A2D0FBEB000D361CA /* Sources */ = {
			isa = PBXSourcesBuildPhase;
			buildActionMask = 2147483647;
			files = (
			);
			runOnlyForDeploymentPostprocessing = 0;
		};
/* End PBXSourcesBuildPhase section */

/* Begin PBXTargetDependency section */
		AA7AF65F2DF57468002EC51D /* PBXTargetDependency */ = {
			isa = PBXTargetDependency;
			target = AA7AF64A2DF57467002EC51D /* ScrcpyLiveActivityWidgetExtension */;
			targetProxy = AA7AF65E2DF57468002EC51D /* PBXContainerItemProxy */;
		};
		AAA4EF532D0DA3B100D361CA /* PBXTargetDependency */ = {
			isa = PBXTargetDependency;
			target = AA7EA5252D01F33E00FF7760 /* Scrcpy Remote */;
			targetProxy = AAA4EF522D0DA3B100D361CA /* PBXContainerItemProxy */;
		};
		AAA4EFA32D0FBEB000D361CA /* PBXTargetDependency */ = {
			isa = PBXTargetDependency;
			platformFilter = ios;
			target = AAA4EF9D2D0FBEB000D361CA /* VNCClient */;
			targetProxy = AAA4EFA22D0FBEB000D361CA /* PBXContainerItemProxy */;
		};
/* End PBXTargetDependency section */

/* Begin XCBuildConfiguration section */
		AA7AF6622DF57468002EC51D /* Debug */ = {
			isa = XCBuildConfiguration;
			buildSettings = {
				ASSETCATALOG_COMPILER_GLOBAL_ACCENT_COLOR_NAME = AccentColor;
				ASSETCATALOG_COMPILER_WIDGET_BACKGROUND_COLOR_NAME = WidgetBackground;
				CODE_SIGN_STYLE = Automatic;
				CURRENT_PROJECT_VERSION = 1;
				DEVELOPMENT_TEAM = K8Q74NT2BG;
				GENERATE_INFOPLIST_FILE = YES;
				INFOPLIST_FILE = ScrcpyLiveActivityWidget/Info.plist;
				INFOPLIST_KEY_CFBundleDisplayName = ScrcpyLiveActivityWidget;
				INFOPLIST_KEY_NSHumanReadableCopyright = "";
				IPHONEOS_DEPLOYMENT_TARGET = 18.2;
				LD_RUNPATH_SEARCH_PATHS = (
					"$(inherited)",
					"@executable_path/Frameworks",
					"@executable_path/../../Frameworks",
				);
				MARKETING_VERSION = 4.6.0;
				PRODUCT_BUNDLE_IDENTIFIER = "com.mobile.scrcpy-ios.ScrcpyLiveActivityWidget";
				PRODUCT_NAME = "$(TARGET_NAME)";
				SKIP_INSTALL = YES;
				SWIFT_EMIT_LOC_STRINGS = YES;
				SWIFT_VERSION = 5.0;
				TARGETED_DEVICE_FAMILY = "1,2";
			};
			name = Debug;
		};
		AA7AF6632DF57468002EC51D /* Release */ = {
			isa = XCBuildConfiguration;
			buildSettings = {
				ASSETCATALOG_COMPILER_GLOBAL_ACCENT_COLOR_NAME = AccentColor;
				ASSETCATALOG_COMPILER_WIDGET_BACKGROUND_COLOR_NAME = WidgetBackground;
				CODE_SIGN_STYLE = Automatic;
				CURRENT_PROJECT_VERSION = 1;
				DEVELOPMENT_TEAM = K8Q74NT2BG;
				GENERATE_INFOPLIST_FILE = YES;
				INFOPLIST_FILE = ScrcpyLiveActivityWidget/Info.plist;
				INFOPLIST_KEY_CFBundleDisplayName = ScrcpyLiveActivityWidget;
				INFOPLIST_KEY_NSHumanReadableCopyright = "";
				IPHONEOS_DEPLOYMENT_TARGET = 18.2;
				LD_RUNPATH_SEARCH_PATHS = (
					"$(inherited)",
					"@executable_path/Frameworks",
					"@executable_path/../../Frameworks",
				);
				MARKETING_VERSION = 4.6.0;
				PRODUCT_BUNDLE_IDENTIFIER = "com.mobile.scrcpy-ios.ScrcpyLiveActivityWidget";
				PRODUCT_NAME = "$(TARGET_NAME)";
				SKIP_INSTALL = YES;
				SWIFT_EMIT_LOC_STRINGS = YES;
				SWIFT_VERSION = 5.0;
				TARGETED_DEVICE_FAMILY = "1,2";
			};
			name = Release;
		};
		AA7EA5322D01F33F00FF7760 /* Debug */ = {
			isa = XCBuildConfiguration;
			buildSettings = {
				ALWAYS_SEARCH_USER_PATHS = NO;
				ASSETCATALOG_COMPILER_GENERATE_SWIFT_ASSET_SYMBOL_EXTENSIONS = YES;
				CLANG_ANALYZER_NONNULL = YES;
				CLANG_ANALYZER_NUMBER_OBJECT_CONVERSION = YES_AGGRESSIVE;
				CLANG_CXX_LANGUAGE_STANDARD = "gnu++20";
				CLANG_ENABLE_MODULES = YES;
				CLANG_ENABLE_OBJC_ARC = YES;
				CLANG_ENABLE_OBJC_WEAK = YES;
				CLANG_WARN_BLOCK_CAPTURE_AUTORELEASING = YES;
				CLANG_WARN_BOOL_CONVERSION = YES;
				CLANG_WARN_COMMA = YES;
				CLANG_WARN_CONSTANT_CONVERSION = YES;
				CLANG_WARN_DEPRECATED_OBJC_IMPLEMENTATIONS = YES;
				CLANG_WARN_DIRECT_OBJC_ISA_USAGE = YES_ERROR;
				CLANG_WARN_DOCUMENTATION_COMMENTS = YES;
				CLANG_WARN_EMPTY_BODY = YES;
				CLANG_WARN_ENUM_CONVERSION = YES;
				CLANG_WARN_INFINITE_RECURSION = YES;
				CLANG_WARN_INT_CONVERSION = YES;
				CLANG_WARN_NON_LITERAL_NULL_CONVERSION = YES;
				CLANG_WARN_OBJC_IMPLICIT_RETAIN_SELF = YES;
				CLANG_WARN_OBJC_LITERAL_CONVERSION = YES;
				CLANG_WARN_OBJC_ROOT_CLASS = YES_ERROR;
				CLANG_WARN_QUOTED_INCLUDE_IN_FRAMEWORK_HEADER = YES;
				CLANG_WARN_RANGE_LOOP_ANALYSIS = YES;
				CLANG_WARN_STRICT_PROTOTYPES = YES;
				CLANG_WARN_SUSPICIOUS_MOVE = YES;
				CLANG_WARN_UNGUARDED_AVAILABILITY = YES_AGGRESSIVE;
				CLANG_WARN_UNREACHABLE_CODE = YES;
				CLANG_WARN__DUPLICATE_METHOD_MATCH = YES;
				COPY_PHASE_STRIP = NO;
				DEBUG_INFORMATION_FORMAT = dwarf;
				ENABLE_STRICT_OBJC_MSGSEND = YES;
				ENABLE_TESTABILITY = YES;
				ENABLE_USER_SCRIPT_SANDBOXING = YES;
				GCC_C_LANGUAGE_STANDARD = gnu17;
				GCC_DYNAMIC_NO_PIC = NO;
				GCC_NO_COMMON_BLOCKS = YES;
				GCC_OPTIMIZATION_LEVEL = 0;
				GCC_PREPROCESSOR_DEFINITIONS = (
					"DEBUG=1",
					"$(inherited)",
				);
				GCC_WARN_64_TO_32_BIT_CONVERSION = YES;
				GCC_WARN_ABOUT_RETURN_TYPE = YES_ERROR;
				GCC_WARN_UNDECLARED_SELECTOR = YES;
				GCC_WARN_UNINITIALIZED_AUTOS = YES_AGGRESSIVE;
				GCC_WARN_UNUSED_FUNCTION = YES;
				GCC_WARN_UNUSED_VARIABLE = YES;
				IPHONEOS_DEPLOYMENT_TARGET = 18.1;
				LOCALIZATION_PREFERS_STRING_CATALOGS = YES;
				MTL_ENABLE_DEBUG_INFO = INCLUDE_SOURCE;
				MTL_FAST_MATH = YES;
				ONLY_ACTIVE_ARCH = YES;
				SDKROOT = iphoneos;
				SWIFT_ACTIVE_COMPILATION_CONDITIONS = "DEBUG $(inherited)";
				SWIFT_OPTIMIZATION_LEVEL = "-Onone";
			};
			name = Debug;
		};
		AA7EA5332D01F33F00FF7760 /* Release */ = {
			isa = XCBuildConfiguration;
			buildSettings = {
				ALWAYS_SEARCH_USER_PATHS = NO;
				ASSETCATALOG_COMPILER_GENERATE_SWIFT_ASSET_SYMBOL_EXTENSIONS = YES;
				CLANG_ANALYZER_NONNULL = YES;
				CLANG_ANALYZER_NUMBER_OBJECT_CONVERSION = YES_AGGRESSIVE;
				CLANG_CXX_LANGUAGE_STANDARD = "gnu++20";
				CLANG_ENABLE_MODULES = YES;
				CLANG_ENABLE_OBJC_ARC = YES;
				CLANG_ENABLE_OBJC_WEAK = YES;
				CLANG_WARN_BLOCK_CAPTURE_AUTORELEASING = YES;
				CLANG_WARN_BOOL_CONVERSION = YES;
				CLANG_WARN_COMMA = YES;
				CLANG_WARN_CONSTANT_CONVERSION = YES;
				CLANG_WARN_DEPRECATED_OBJC_IMPLEMENTATIONS = YES;
				CLANG_WARN_DIRECT_OBJC_ISA_USAGE = YES_ERROR;
				CLANG_WARN_DOCUMENTATION_COMMENTS = YES;
				CLANG_WARN_EMPTY_BODY = YES;
				CLANG_WARN_ENUM_CONVERSION = YES;
				CLANG_WARN_INFINITE_RECURSION = YES;
				CLANG_WARN_INT_CONVERSION = YES;
				CLANG_WARN_NON_LITERAL_NULL_CONVERSION = YES;
				CLANG_WARN_OBJC_IMPLICIT_RETAIN_SELF = YES;
				CLANG_WARN_OBJC_LITERAL_CONVERSION = YES;
				CLANG_WARN_OBJC_ROOT_CLASS = YES_ERROR;
				CLANG_WARN_QUOTED_INCLUDE_IN_FRAMEWORK_HEADER = YES;
				CLANG_WARN_RANGE_LOOP_ANALYSIS = YES;
				CLANG_WARN_STRICT_PROTOTYPES = YES;
				CLANG_WARN_SUSPICIOUS_MOVE = YES;
				CLANG_WARN_UNGUARDED_AVAILABILITY = YES_AGGRESSIVE;
				CLANG_WARN_UNREACHABLE_CODE = YES;
				CLANG_WARN__DUPLICATE_METHOD_MATCH = YES;
				COPY_PHASE_STRIP = NO;
				DEBUG_INFORMATION_FORMAT = "dwarf-with-dsym";
				ENABLE_NS_ASSERTIONS = NO;
				ENABLE_STRICT_OBJC_MSGSEND = YES;
				ENABLE_USER_SCRIPT_SANDBOXING = YES;
				GCC_C_LANGUAGE_STANDARD = gnu17;
				GCC_NO_COMMON_BLOCKS = YES;
				GCC_WARN_64_TO_32_BIT_CONVERSION = YES;
				GCC_WARN_ABOUT_RETURN_TYPE = YES_ERROR;
				GCC_WARN_UNDECLARED_SELECTOR = YES;
				GCC_WARN_UNINITIALIZED_AUTOS = YES_AGGRESSIVE;
				GCC_WARN_UNUSED_FUNCTION = YES;
				GCC_WARN_UNUSED_VARIABLE = YES;
				IPHONEOS_DEPLOYMENT_TARGET = 18.1;
				LOCALIZATION_PREFERS_STRING_CATALOGS = YES;
				MTL_ENABLE_DEBUG_INFO = NO;
				MTL_FAST_MATH = YES;
				SDKROOT = iphoneos;
				SWIFT_COMPILATION_MODE = wholemodule;
				VALIDATE_PRODUCT = YES;
			};
			name = Release;
		};
		AA7EA5352D01F33F00FF7760 /* Debug */ = {
			isa = XCBuildConfiguration;
			buildSettings = {
				ASSETCATALOG_COMPILER_APPICON_NAME = AppIcon;
				ASSETCATALOG_COMPILER_GLOBAL_ACCENT_COLOR_NAME = AccentColor;
				CLANG_ENABLE_MODULES = YES;
				CODE_SIGN_STYLE = Automatic;
				CURRENT_PROJECT_VERSION = 1;
				DEVELOPMENT_ASSET_PATHS = "\"Scrcpy Remote/Preview Content\"";
				DEVELOPMENT_TEAM = K8Q74NT2BG;
				ENABLE_PREVIEWS = YES;
				GENERATE_INFOPLIST_FILE = YES;
				HEADER_SEARCH_PATHS = (
					"$(SRCROOT)/../porting/libs/include",
					"$(SRCROOT)/../scrcpy/x",
				);
				INFOPLIST_FILE = "Scrcpy-Remote-Info.plist";
				INFOPLIST_KEY_CFBundleDisplayName = "Screen Remote";
				INFOPLIST_KEY_ITSAppUsesNonExemptEncryption = NO;
				INFOPLIST_KEY_NSBluetoothAlwaysUsageDescription = "This app does not use Bluetooth. Bluetooth permission is required by linked frameworks but no Bluetooth functionality is accessed.";
				INFOPLIST_KEY_NSCameraUsageDescription = "This app does not access the camera. Camera permission is required by underlying frameworks for video processing and display of remote device screens.";
				INFOPLIST_KEY_NSSupportsLiveActivities = YES;
				INFOPLIST_KEY_NSSupportsLiveActivitiesFrequentUpdates = YES;
				INFOPLIST_KEY_UIApplicationSceneManifest_Generation = YES;
				INFOPLIST_KEY_UIApplicationSupportsIndirectInputEvents = YES;
				INFOPLIST_KEY_UILaunchStoryboardName = "Launch Screen";
				INFOPLIST_KEY_UISupportedInterfaceOrientations = "UIInterfaceOrientationLandscapeLeft UIInterfaceOrientationLandscapeRight UIInterfaceOrientationPortrait UIInterfaceOrientationPortraitUpsideDown";
				IPHONEOS_DEPLOYMENT_TARGET = 15.0;
				LD_RUNPATH_SEARCH_PATHS = (
					"$(inherited)",
					"@executable_path/Frameworks",
				);
				LIBRARY_SEARCH_PATHS = "$(SRCROOT)/../porting/libs/$(PLATFORM_NAME)/$(ARCHS)";
				MARKETING_VERSION = 4.6.0;
				OTHER_LDFLAGS = (
					"-ladb-full",
					"-framework",
					CoreBluetooth,
					"-ObjC",
					"-lscrcpy",
					"-lmobile-forwarder",
					"-lresolv",
					"-lavfilter",
					"-lswscale",
					"-lswresample",
					"-lavdevice",
					"-lavformat",
					"-lavcodec",
					"-lavutil",
				);
				PRODUCT_BUNDLE_IDENTIFIER = "com.mobile.scrcpy-ios";
				PRODUCT_NAME = "$(TARGET_NAME)";
				SUPPORTED_PLATFORMS = "iphoneos iphonesimulator";
				SUPPORTS_MACCATALYST = NO;
				SWIFT_EMIT_LOC_STRINGS = YES;
				SWIFT_OBJC_BRIDGING_HEADER = "Scrcpy SDL/Scrcpy Remote-Bridging-Header.h";
				SWIFT_OPTIMIZATION_LEVEL = "-Onone";
				SWIFT_VERSION = 5.0;
				TARGETED_DEVICE_FAMILY = "1,2";
			};
			name = Debug;
		};
		AA7EA5362D01F33F00FF7760 /* Release */ = {
			isa = XCBuildConfiguration;
			buildSettings = {
				ASSETCATALOG_COMPILER_APPICON_NAME = AppIcon;
				ASSETCATALOG_COMPILER_GLOBAL_ACCENT_COLOR_NAME = AccentColor;
				CLANG_ENABLE_MODULES = YES;
				CODE_SIGN_STYLE = Automatic;
				CURRENT_PROJECT_VERSION = 1;
				DEVELOPMENT_ASSET_PATHS = "\"Scrcpy Remote/Preview Content\"";
				DEVELOPMENT_TEAM = K8Q74NT2BG;
				ENABLE_PREVIEWS = YES;
				GENERATE_INFOPLIST_FILE = YES;
				HEADER_SEARCH_PATHS = (
					"$(SRCROOT)/../porting/libs/include",
					"$(SRCROOT)/../scrcpy/x",
				);
				INFOPLIST_FILE = "Scrcpy-Remote-Info.plist";
				INFOPLIST_KEY_CFBundleDisplayName = "Screen Remote";
				INFOPLIST_KEY_ITSAppUsesNonExemptEncryption = NO;
				INFOPLIST_KEY_NSBluetoothAlwaysUsageDescription = "This app does not use Bluetooth. Bluetooth permission is required by linked frameworks but no Bluetooth functionality is accessed.";
				INFOPLIST_KEY_NSCameraUsageDescription = "This app does not access the camera. Camera permission is required by underlying frameworks for video processing and display of remote device screens.";
				INFOPLIST_KEY_NSSupportsLiveActivities = YES;
				INFOPLIST_KEY_NSSupportsLiveActivitiesFrequentUpdates = YES;
				INFOPLIST_KEY_UIApplicationSceneManifest_Generation = YES;
				INFOPLIST_KEY_UIApplicationSupportsIndirectInputEvents = YES;
				INFOPLIST_KEY_UILaunchStoryboardName = "Launch Screen";
				INFOPLIST_KEY_UISupportedInterfaceOrientations = "UIInterfaceOrientationLandscapeLeft UIInterfaceOrientationLandscapeRight UIInterfaceOrientationPortrait UIInterfaceOrientationPortraitUpsideDown";
				IPHONEOS_DEPLOYMENT_TARGET = 15.0;
				LD_RUNPATH_SEARCH_PATHS = (
					"$(inherited)",
					"@executable_path/Frameworks",
				);
				LIBRARY_SEARCH_PATHS = "$(SRCROOT)/../porting/libs/$(PLATFORM_NAME)/$(ARCHS)";
				MARKETING_VERSION = 4.6.0;
				OTHER_LDFLAGS = (
					"-ladb-full",
					"-framework",
					CoreBluetooth,
					"-ObjC",
					"-lscrcpy",
					"-lmobile-forwarder",
					"-lresolv",
					"-lavfilter",
					"-lswscale",
					"-lswresample",
					"-lavdevice",
					"-lavformat",
					"-lavcodec",
					"-lavutil",
				);
				PRODUCT_BUNDLE_IDENTIFIER = "com.mobile.scrcpy-ios";
				PRODUCT_NAME = "$(TARGET_NAME)";
				SUPPORTED_PLATFORMS = "iphoneos iphonesimulator";
				SUPPORTS_MACCATALYST = NO;
				SWIFT_EMIT_LOC_STRINGS = YES;
				SWIFT_OBJC_BRIDGING_HEADER = "Scrcpy SDL/Scrcpy Remote-Bridging-Header.h";
				SWIFT_VERSION = 5.0;
				TARGETED_DEVICE_FAMILY = "1,2";
			};
			name = Release;
		};
		AAA4EF552D0DA3B100D361CA /* Debug */ = {
			isa = XCBuildConfiguration;
			buildSettings = {
				BUNDLE_LOADER = "$(TEST_HOST)";
				CODE_SIGN_STYLE = Automatic;
				CURRENT_PROJECT_VERSION = 1;
				GENERATE_INFOPLIST_FILE = YES;
				MARKETING_VERSION = 1.0;
				PRODUCT_BUNDLE_IDENTIFIER = "com.mobile.Scrcpy-Remote-Tests";
				PRODUCT_NAME = "$(TARGET_NAME)";
				SWIFT_EMIT_LOC_STRINGS = NO;
				SWIFT_VERSION = 5.0;
				TARGETED_DEVICE_FAMILY = "1,2";
				TEST_HOST = "$(BUILT_PRODUCTS_DIR)/Scrcpy Remote.app/$(BUNDLE_EXECUTABLE_FOLDER_PATH)/Scrcpy Remote";
			};
			name = Debug;
		};
		AAA4EF562D0DA3B100D361CA /* Release */ = {
			isa = XCBuildConfiguration;
			buildSettings = {
				BUNDLE_LOADER = "$(TEST_HOST)";
				CODE_SIGN_STYLE = Automatic;
				CURRENT_PROJECT_VERSION = 1;
				GENERATE_INFOPLIST_FILE = YES;
				MARKETING_VERSION = 1.0;
				PRODUCT_BUNDLE_IDENTIFIER = "com.mobile.Scrcpy-Remote-Tests";
				PRODUCT_NAME = "$(TARGET_NAME)";
				SWIFT_EMIT_LOC_STRINGS = NO;
				SWIFT_VERSION = 5.0;
				TARGETED_DEVICE_FAMILY = "1,2";
				TEST_HOST = "$(BUILT_PRODUCTS_DIR)/Scrcpy Remote.app/$(BUNDLE_EXECUTABLE_FOLDER_PATH)/Scrcpy Remote";
			};
			name = Release;
		};
		AAA4EFA72D0FBEB000D361CA /* Debug */ = {
			isa = XCBuildConfiguration;
			buildSettings = {
				CLANG_ENABLE_MODULES = YES;
				CODE_SIGN_STYLE = Automatic;
				CURRENT_PROJECT_VERSION = 1;
				DEFINES_MODULE = YES;
				DEVELOPMENT_TEAM = K8Q74NT2BG;
				DYLIB_COMPATIBILITY_VERSION = 1;
				DYLIB_CURRENT_VERSION = 1;
				DYLIB_INSTALL_NAME_BASE = "@rpath";
				ENABLE_MODULE_VERIFIER = YES;
				GENERATE_INFOPLIST_FILE = YES;
				HEADER_SEARCH_PATHS = "$(SRCROOT)/../porting/libs/include";
				INFOPLIST_KEY_NSHumanReadableCopyright = "";
				INSTALL_PATH = "$(LOCAL_LIBRARY_DIR)/Frameworks";
				IPHONEOS_DEPLOYMENT_TARGET = 15.0;
				LD_RUNPATH_SEARCH_PATHS = (
					"$(inherited)",
					"@executable_path/Frameworks",
					"@loader_path/Frameworks",
				);
				LIBRARY_SEARCH_PATHS = "$(SRCROOT)/../porting/libs/$(PLATFORM_NAME)/$(ARCHS)";
				MARKETING_VERSION = 1.0;
				MODULE_VERIFIER_SUPPORTED_LANGUAGES = "objective-c objective-c++";
				MODULE_VERIFIER_SUPPORTED_LANGUAGE_STANDARDS = "gnu17 gnu++20";
				OTHER_LDFLAGS = (
					"-lssl",
					"-lvncclient",
					"-lcrypto",
					"-lSDL3",
					"-framework",
					CoreBluetooth,
					"-lavcodec",
					"-lavutil",
					"-lswresample",
					"-liconv",
					"-framework",
					CoreMedia,
					"-framework",
					VideoToolbox,
				);
				PRODUCT_BUNDLE_IDENTIFIER = com.mobile.VNCClient;
				PRODUCT_NAME = "$(TARGET_NAME:c99extidentifier)";
				SKIP_INSTALL = YES;
				SWIFT_EMIT_LOC_STRINGS = YES;
				SWIFT_OPTIMIZATION_LEVEL = "-Onone";
				SWIFT_VERSION = 6.0;
				TARGETED_DEVICE_FAMILY = "1,2";
				VERSIONING_SYSTEM = "apple-generic";
				VERSION_INFO_PREFIX = "";
			};
			name = Debug;
		};
		AAA4EFA82D0FBEB000D361CA /* Release */ = {
			isa = XCBuildConfiguration;
			buildSettings = {
				CLANG_ENABLE_MODULES = YES;
				CODE_SIGN_STYLE = Automatic;
				CURRENT_PROJECT_VERSION = 1;
				DEFINES_MODULE = YES;
				DEVELOPMENT_TEAM = K8Q74NT2BG;
				DYLIB_COMPATIBILITY_VERSION = 1;
				DYLIB_CURRENT_VERSION = 1;
				DYLIB_INSTALL_NAME_BASE = "@rpath";
				ENABLE_MODULE_VERIFIER = YES;
				GENERATE_INFOPLIST_FILE = YES;
				HEADER_SEARCH_PATHS = "$(SRCROOT)/../porting/libs/include";
				INFOPLIST_KEY_NSHumanReadableCopyright = "";
				INSTALL_PATH = "$(LOCAL_LIBRARY_DIR)/Frameworks";
				IPHONEOS_DEPLOYMENT_TARGET = 15.0;
				LD_RUNPATH_SEARCH_PATHS = (
					"$(inherited)",
					"@executable_path/Frameworks",
					"@loader_path/Frameworks",
				);
				LIBRARY_SEARCH_PATHS = "$(SRCROOT)/../porting/libs/$(PLATFORM_NAME)/$(ARCHS)";
				MARKETING_VERSION = 1.0;
				MODULE_VERIFIER_SUPPORTED_LANGUAGES = "objective-c objective-c++";
				MODULE_VERIFIER_SUPPORTED_LANGUAGE_STANDARDS = "gnu17 gnu++20";
				OTHER_LDFLAGS = (
					"-lssl",
					"-lvncclient",
					"-lcrypto",
					"-lSDL3",
					"-framework",
					CoreBluetooth,
					"-lavcodec",
					"-lavutil",
					"-lswresample",
					"-liconv",
					"-framework",
					CoreMedia,
					"-framework",
					VideoToolbox,
				);
				PRODUCT_BUNDLE_IDENTIFIER = com.mobile.VNCClient;
				PRODUCT_NAME = "$(TARGET_NAME:c99extidentifier)";
				SKIP_INSTALL = YES;
				SWIFT_EMIT_LOC_STRINGS = YES;
				SWIFT_VERSION = 6.0;
				TARGETED_DEVICE_FAMILY = "1,2";
				VERSIONING_SYSTEM = "apple-generic";
				VERSION_INFO_PREFIX = "";
			};
			name = Release;
		};
/* End XCBuildConfiguration section */

/* Begin XCConfigurationList section */
		AA7AF6612DF57468002EC51D /* Build configuration list for PBXNativeTarget "ScrcpyLiveActivityWidgetExtension" */ = {
			isa = XCConfigurationList;
			buildConfigurations = (
				AA7AF6622DF57468002EC51D /* Debug */,
				AA7AF6632DF57468002EC51D /* Release */,
			);
			defaultConfigurationIsVisible = 0;
			defaultConfigurationName = Release;
		};
		AA7EA5212D01F33E00FF7760 /* Build configuration list for PBXProject "Scrcpy Remote" */ = {
			isa = XCConfigurationList;
			buildConfigurations = (
				AA7EA5322D01F33F00FF7760 /* Debug */,
				AA7EA5332D01F33F00FF7760 /* Release */,
			);
			defaultConfigurationIsVisible = 0;
			defaultConfigurationName = Release;
		};
		AA7EA5342D01F33F00FF7760 /* Build configuration list for PBXNativeTarget "Scrcpy Remote" */ = {
			isa = XCConfigurationList;
			buildConfigurations = (
				AA7EA5352D01F33F00FF7760 /* Debug */,
				AA7EA5362D01F33F00FF7760 /* Release */,
			);
			defaultConfigurationIsVisible = 0;
			defaultConfigurationName = Release;
		};
		AAA4EF542D0DA3B100D361CA /* Build configuration list for PBXNativeTarget "Scrcpy Remote Tests" */ = {
			isa = XCConfigurationList;
			buildConfigurations = (
				AAA4EF552D0DA3B100D361CA /* Debug */,
				AAA4EF562D0DA3B100D361CA /* Release */,
			);
			defaultConfigurationIsVisible = 0;
			defaultConfigurationName = Release;
		};
		AAA4EFA62D0FBEB000D361CA /* Build configuration list for PBXNativeTarget "VNCClient" */ = {
			isa = XCConfigurationList;
			buildConfigurations = (
				AAA4EFA72D0FBEB000D361CA /* Debug */,
				AAA4EFA82D0FBEB000D361CA /* Release */,
			);
			defaultConfigurationIsVisible = 0;
			defaultConfigurationName = Release;
		};
/* End XCConfigurationList section */

/* Begin XCRemoteSwiftPackageReference section */
		AAA4EF432D0D887900D361CA /* XCRemoteSwiftPackageReference "keychain-swift" */ = {
			isa = XCRemoteSwiftPackageReference;
			repositoryURL = "https://github.com/evgenyneu/keychain-swift";
			requirement = {
				kind = upToNextMajorVersion;
				minimumVersion = 24.0.0;
			};
		};
/* End XCRemoteSwiftPackageReference section */

/* Begin XCSwiftPackageProductDependency section */
		AAA4EF442D0D887900D361CA /* KeychainSwift */ = {
			isa = XCSwiftPackageProductDependency;
			package = AAA4EF432D0D887900D361CA /* XCRemoteSwiftPackageReference "keychain-swift" */;
			productName = KeychainSwift;
		};
/* End XCSwiftPackageProductDependency section */
	};
	rootObject = AA7EA51E2D01F33E00FF7760 /* Project object */;
}
